
Microsoft Visual Studio Solution File, Format Version 12.00
# Visual Studio 15
VisualStudioVersion = 15.0.28010.2036
MinimumVisualStudioVersion = 10.0.40219.1
Project("{888888A0-9F3D-457C-B088-3A5042F75D52}") = "LPR_18", "LPR_18\LPR_18.pyproj", "{D9BCA59E-5E9D-4D8D-AD71-81496C552E2B}"
EndProject
Project("{FAE04EC0-301F-11D3-BF4B-00C04F79EFBC}") = "LPR_18_WIN_FORMS", "LPR_18_WIN_FORMS\LPR_18_WIN_FORMS.csproj", "{6DCBA337-3E7A-4EC7-A057-207656CD1C36}"
EndProject
Global
	GlobalSection(SolutionConfigurationPlatforms) = preSolution
		Debug|Any CPU = Debug|Any CPU
		Debug|ARM = Debug|ARM
		Debug|x64 = Debug|x64
		Debug|x86 = Debug|x86
		Release|Any CPU = Release|Any CPU
		Release|ARM = Release|ARM
		Release|x64 = Release|x64
		Release|x86 = Release|x86
	EndGlobalSection
	GlobalSection(ProjectConfigurationPlatforms) = postSolution
		{D9BCA59E-5E9D-4D8D-AD71-81496C552E2B}.Debug|Any CPU.ActiveCfg = Debug|Any CPU
		{D9BCA59E-5E9D-4D8D-AD71-81496C552E2B}.Debug|ARM.ActiveCfg = Debug|Any CPU
		{D9BCA59E-5E9D-4D8D-AD71-81496C552E2B}.Debug|x64.ActiveCfg = Debug|Any CPU
		{D9BCA59E-5E9D-4D8D-AD71-81496C552E2B}.Debug|x86.ActiveCfg = Debug|Any CPU
		{D9BCA59E-5E9D-4D8D-AD71-81496C552E2B}.Release|Any CPU.ActiveCfg = Release|Any CPU
		{D9BCA59E-5E9D-4D8D-AD71-81496C552E2B}.Release|ARM.ActiveCfg = Release|Any CPU
		{D9BCA59E-5E9D-4D8D-AD71-81496C552E2B}.Release|x64.ActiveCfg = Release|Any CPU
		{D9BCA59E-5E9D-4D8D-AD71-81496C552E2B}.Release|x86.ActiveCfg = Release|Any CPU
		{6DCBA337-3E7A-4EC7-A057-207656CD1C36}.Debug|Any CPU.ActiveCfg = Debug|Any CPU
		{6DCBA337-3E7A-4EC7-A057-207656CD1C36}.Debug|Any CPU.Build.0 = Debug|Any CPU
		{6DCBA337-3E7A-4EC7-A057-207656CD1C36}.Debug|ARM.ActiveCfg = Debug|Any CPU
		{6DCBA337-3E7A-4EC7-A057-207656CD1C36}.Debug|ARM.Build.0 = Debug|Any CPU
		{6DCBA337-3E7A-4EC7-A057-207656CD1C36}.Debug|x64.ActiveCfg = Debug|Any CPU
		{6DCBA337-3E7A-4EC7-A057-207656CD1C36}.Debug|x64.Build.0 = Debug|Any CPU
		{6DCBA337-3E7A-4EC7-A057-207656CD1C36}.Debug|x86.ActiveCfg = Debug|Any CPU
		{6DCBA337-3E7A-4EC7-A057-207656CD1C36}.Debug|x86.Build.0 = Debug|Any CPU
		{6DCBA337-3E7A-4EC7-A057-207656CD1C36}.Release|Any CPU.ActiveCfg = Release|Any CPU
		{6DCBA337-3E7A-4EC7-A057-207656CD1C36}.Release|Any CPU.Build.0 = Release|Any CPU
		{6DCBA337-3E7A-4EC7-A057-207656CD1C36}.Release|ARM.ActiveCfg = Release|Any CPU
		{6DCBA337-3E7A-4EC7-A057-207656CD1C36}.Release|ARM.Build.0 = Release|Any CPU
		{6DCBA337-3E7A-4EC7-A057-207656CD1C36}.Release|x64.ActiveCfg = Release|Any CPU
		{6DCBA337-3E7A-4EC7-A057-207656CD1C36}.Release|x64.Build.0 = Release|Any CPU
		{6DCBA337-3E7A-4EC7-A057-207656CD1C36}.Release|x86.ActiveCfg = Release|Any CPU
		{6DCBA337-3E7A-4EC7-A057-207656CD1C36}.Release|x86.Build.0 = Release|Any CPU
	EndGlobalSection
	GlobalSection(SolutionProperties) = preSolution
		HideSolutionNode = FALSE
	EndGlobalSection
	GlobalSection(ExtensibilityGlobals) = postSolution
		SolutionGuid = {A2D91DE4-5A66-4DB4-8DB6-616333139E26}
	EndGlobalSection
EndGlobal
